
Microsoft Visual Studio Solution File, Format Version 11.00
# Visual Studio 2010
Project("{FAE04EC0-301F-11D3-BF4B-00C04F79EFBC}") = "NavMeshComponentsExamples", "NavMeshComponentsExamples.csproj", "{2b997255-13a1-f329-3353-970f4123afcc}"
EndProject
Project("{FAE04EC0-301F-11D3-BF4B-00C04F79EFBC}") = "Assembly-CSharp", "Assembly-CSharp.csproj", "{9b62694a-3f4c-379e-92c4-320501f5898e}"
EndProject
Project("{FAE04EC0-301F-11D3-BF4B-00C04F79EFBC}") = "Unity.Postprocessing.Runtime", "Unity.Postprocessing.Runtime.csproj", "{35c490dd-67e3-0425-d9af-31ba4a7f7ccb}"
EndProject
Project("{FAE04EC0-301F-11D3-BF4B-00C04F79EFBC}") = "NavMeshComponentsTestsPlaymode", "NavMeshComponentsTestsPlaymode.csproj", "{a8cd64da-fbe8-6505-fe31-fd36d2cacfca}"
EndProject
Project("{FAE04EC0-301F-11D3-BF4B-00C04F79EFBC}") = "NavMeshComponents", "NavMeshComponents.csproj", "{50b30faa-0908-f837-b360-9cace6a1fd3a}"
EndProject
Project("{FAE04EC0-301F-11D3-BF4B-00C04F79EFBC}") = "Unity.Postprocessing.Editor", "Unity.Postprocessing.Editor.csproj", "{73f48ab8-60fd-135b-a56e-9725a952f1c6}"
EndProject
Project("{FAE04EC0-301F-11D3-BF4B-00C04F79EFBC}") = "NavMeshComponentsEditor", "NavMeshComponentsEditor.csproj", "{0ed2543c-0245-49e8-1863-a98f755000ef}"
EndProject
Project("{FAE04EC0-301F-11D3-BF4B-00C04F79EFBC}") = "NavMeshComponentsTestsEditmode", "NavMeshComponentsTestsEditmode.csproj", "{6f1a9d8b-c32d-edf2-4a8d-989735da951c}"
EndProject
Project("{FAE04EC0-301F-11D3-BF4B-00C04F79EFBC}") = "NavMeshComponentsExamplesEditor", "NavMeshComponentsExamplesEditor.csproj", "{3c440eac-1d36-c8d1-e325-bc874ad74380}"
EndProject
Global
	GlobalSection(SolutionConfigurationPlatforms) = preSolution
		Debug|Any CPU = Debug|Any CPU
	EndGlobalSection
	GlobalSection(ProjectConfigurationPlatforms) = postSolution
		{2b997255-13a1-f329-3353-970f4123afcc}.Debug|Any CPU.ActiveCfg = Debug|Any CPU
		{2b997255-13a1-f329-3353-970f4123afcc}.Debug|Any CPU.Build.0 = Debug|Any CPU
		{9b62694a-3f4c-379e-92c4-320501f5898e}.Debug|Any CPU.ActiveCfg = Debug|Any CPU
		{9b62694a-3f4c-379e-92c4-320501f5898e}.Debug|Any CPU.Build.0 = Debug|Any CPU
		{35c490dd-67e3-0425-d9af-31ba4a7f7ccb}.Debug|Any CPU.ActiveCfg = Debug|Any CPU
		{35c490dd-67e3-0425-d9af-31ba4a7f7ccb}.Debug|Any CPU.Build.0 = Debug|Any CPU
		{a8cd64da-fbe8-6505-fe31-fd36d2cacfca}.Debug|Any CPU.ActiveCfg = Debug|Any CPU
		{a8cd64da-fbe8-6505-fe31-fd36d2cacfca}.Debug|Any CPU.Build.0 = Debug|Any CPU
		{50b30faa-0908-f837-b360-9cace6a1fd3a}.Debug|Any CPU.ActiveCfg = Debug|Any CPU
		{50b30faa-0908-f837-b360-9cace6a1fd3a}.Debug|Any CPU.Build.0 = Debug|Any CPU
		{73f48ab8-60fd-135b-a56e-9725a952f1c6}.Debug|Any CPU.ActiveCfg = Debug|Any CPU
		{73f48ab8-60fd-135b-a56e-9725a952f1c6}.Debug|Any CPU.Build.0 = Debug|Any CPU
		{0ed2543c-0245-49e8-1863-a98f755000ef}.Debug|Any CPU.ActiveCfg = Debug|Any CPU
		{0ed2543c-0245-49e8-1863-a98f755000ef}.Debug|Any CPU.Build.0 = Debug|Any CPU
		{6f1a9d8b-c32d-edf2-4a8d-989735da951c}.Debug|Any CPU.ActiveCfg = Debug|Any CPU
		{6f1a9d8b-c32d-edf2-4a8d-989735da951c}.Debug|Any CPU.Build.0 = Debug|Any CPU
		{3c440eac-1d36-c8d1-e325-bc874ad74380}.Debug|Any CPU.ActiveCfg = Debug|Any CPU
		{3c440eac-1d36-c8d1-e325-bc874ad74380}.Debug|Any CPU.Build.0 = Debug|Any CPU
	EndGlobalSection
	GlobalSection(SolutionProperties) = preSolution
		HideSolutionNode = FALSE
	EndGlobalSection
EndGlobal
